
Microsoft Visual Studio Solution File, Format Version 12.00
# Visual Studio Version 16
VisualStudioVersion = 16.0.30225.117
MinimumVisualStudioVersion = 10.0.40219.1
Project("{FAE04EC0-301F-11D3-BF4B-00C04F79EFBC}") = "latin_translator", "latin_translator\latin_translator.csproj", "{46865930-8F53-4953-BE17-5F5979D26128}"
EndProject
Global
	GlobalSection(SolutionConfigurationPlatforms) = preSolution
		Debug|Any CPU = Debug|Any CPU
		Release|Any CPU = Release|Any CPU
	EndGlobalSection
	GlobalSection(ProjectConfigurationPlatforms) = postSolution
		{46865930-8F53-4953-BE17-5F5979D26128}.Debug|Any CPU.ActiveCfg = Debug|Any CPU
		{46865930-8F53-4953-BE17-5F5979D26128}.Debug|Any CPU.Build.0 = Debug|Any CPU
		{46865930-8F53-4953-BE17-5F5979D26128}.Release|Any CPU.ActiveCfg = Release|Any CPU
		{46865930-8F53-4953-BE17-5F5979D26128}.Release|Any CPU.Build.0 = Release|Any CPU
	EndGlobalSection
	GlobalSection(SolutionProperties) = preSolution
		HideSolutionNode = FALSE
	EndGlobalSection
	GlobalSection(ExtensibilityGlobals) = postSolution
		SolutionGuid = {E9443080-AA3F-48B4-9113-4059F9FBF044}
	EndGlobalSection
EndGlobal
